// !$*UTF8*$!
{
	archiveVersion = 1;
	classes = {
	};
	objectVersion = 56;
	objects = {

/* Begin PBXBuildFile section */
		8DE04187E6D9ED9D8E2A2B6E /* Pods_Resilience.framework in Frameworks */ = {isa = PBXBuildFile; fileRef = CFC5FF11E15FF595B158F4D7 /* Pods_Resilience.framework */; };
		D5A594BD2C21C9360094A978 /* Route.swift in Sources */ = {isa = PBXBuildFile; fileRef = D5A594BC2C21C9360094A978 /* Route.swift */; };
		D5AB5A062C20353500CE6C53 /* ResilienceApp.swift in Sources */ = {isa = PBXBuildFile; fileRef = D5AB5A052C20353500CE6C53 /* ResilienceApp.swift */; };
		D5AB5A082C20353500CE6C53 /* ContentView.swift in Sources */ = {isa = PBXBuildFile; fileRef = D5AB5A072C20353500CE6C53 /* ContentView.swift */; };
		D5AB5A0A2C20353700CE6C53 /* Assets.xcassets in Resources */ = {isa = PBXBuildFile; fileRef = D5AB5A092C20353700CE6C53 /* Assets.xcassets */; };
		D5AB5A0D2C20353700CE6C53 /* Preview Assets.xcassets in Resources */ = {isa = PBXBuildFile; fileRef = D5AB5A0C2C20353700CE6C53 /* Preview Assets.xcassets */; };
		D5AB5A152C20377100CE6C53 /* Plant.swift in Sources */ = {isa = PBXBuildFile; fileRef = D5AB5A142C20377100CE6C53 /* Plant.swift */; };
		D5AB5A182C203A1500CE6C53 /* Zone.swift in Sources */ = {isa = PBXBuildFile; fileRef = D5AB5A172C203A1500CE6C53 /* Zone.swift */; };
		D5AB5A202C2067EA00CE6C53 /* TabBarPresenter.swift in Sources */ = {isa = PBXBuildFile; fileRef = D5AB5A1C2C2067EA00CE6C53 /* TabBarPresenter.swift */; };
		D5AB5A212C2067EA00CE6C53 /* TabBarView.swift in Sources */ = {isa = PBXBuildFile; fileRef = D5AB5A1D2C2067EA00CE6C53 /* TabBarView.swift */; };
		D5AB5A222C2067EA00CE6C53 /* TabBarInteractor.swift in Sources */ = {isa = PBXBuildFile; fileRef = D5AB5A1E2C2067EA00CE6C53 /* TabBarInteractor.swift */; };
		D5AB5A232C2067EA00CE6C53 /* TabBarViewModel.swift in Sources */ = {isa = PBXBuildFile; fileRef = D5AB5A1F2C2067EA00CE6C53 /* TabBarViewModel.swift */; };
		D5AB5A2B2C2078A000CE6C53 /* DashboardPresenter.swift in Sources */ = {isa = PBXBuildFile; fileRef = D5AB5A272C2078A000CE6C53 /* DashboardPresenter.swift */; };
		D5AB5A2C2C2078A000CE6C53 /* DashboardView.swift in Sources */ = {isa = PBXBuildFile; fileRef = D5AB5A282C2078A000CE6C53 /* DashboardView.swift */; };
		D5AB5A2D2C2078A000CE6C53 /* DashboardInteractor.swift in Sources */ = {isa = PBXBuildFile; fileRef = D5AB5A292C2078A000CE6C53 /* DashboardInteractor.swift */; };
		D5AB5A2E2C2078A000CE6C53 /* DashboardViewModel.swift in Sources */ = {isa = PBXBuildFile; fileRef = D5AB5A2A2C2078A000CE6C53 /* DashboardViewModel.swift */; };
		D5AB5A352C20817000CE6C53 /* HousePresenter.swift in Sources */ = {isa = PBXBuildFile; fileRef = D5AB5A312C20817000CE6C53 /* HousePresenter.swift */; };
		D5AB5A362C20817000CE6C53 /* HouseView.swift in Sources */ = {isa = PBXBuildFile; fileRef = D5AB5A322C20817000CE6C53 /* HouseView.swift */; };
		D5AB5A372C20817000CE6C53 /* HouseInteractor.swift in Sources */ = {isa = PBXBuildFile; fileRef = D5AB5A332C20817000CE6C53 /* HouseInteractor.swift */; };
		D5AB5A382C20817000CE6C53 /* HouseViewModel.swift in Sources */ = {isa = PBXBuildFile; fileRef = D5AB5A342C20817000CE6C53 /* HouseViewModel.swift */; };
		D5AB5A3D2C20818400CE6C53 /* GardenPresenter.swift in Sources */ = {isa = PBXBuildFile; fileRef = D5AB5A392C20818400CE6C53 /* GardenPresenter.swift */; };
		D5AB5A3E2C20818400CE6C53 /* GardenView.swift in Sources */ = {isa = PBXBuildFile; fileRef = D5AB5A3A2C20818400CE6C53 /* GardenView.swift */; };
		D5AB5A3F2C20818400CE6C53 /* GardenInteractor.swift in Sources */ = {isa = PBXBuildFile; fileRef = D5AB5A3B2C20818400CE6C53 /* GardenInteractor.swift */; };
		D5AB5A402C20818400CE6C53 /* GardenViewModel.swift in Sources */ = {isa = PBXBuildFile; fileRef = D5AB5A3C2C20818400CE6C53 /* GardenViewModel.swift */; };
		D5AB5A442C20825700CE6C53 /* Interactor.swift in Sources */ = {isa = PBXBuildFile; fileRef = D5AB5A432C20825700CE6C53 /* Interactor.swift */; };
		D5AB5A462C2082D600CE6C53 /* Presenter.swift in Sources */ = {isa = PBXBuildFile; fileRef = D5AB5A452C2082D600CE6C53 /* Presenter.swift */; };
		D5AB5A482C2082F500CE6C53 /* ViewModel.swift in Sources */ = {isa = PBXBuildFile; fileRef = D5AB5A472C2082F500CE6C53 /* ViewModel.swift */; };
		D5AB5A4B2C2083A800CE6C53 /* BaseViewController.swift in Sources */ = {isa = PBXBuildFile; fileRef = D5AB5A4A2C2083A800CE6C53 /* BaseViewController.swift */; };
		D5AB5A532C208B6000CE6C53 /* LoaderView.swift in Sources */ = {isa = PBXBuildFile; fileRef = D5AB5A4F2C208B6000CE6C53 /* LoaderView.swift */; };
/* End PBXBuildFile section */

/* Begin PBXFileReference section */
		2E97034A5C9D32B6CFB1F7C4 /* Pods-Resilience.release.xcconfig */ = {isa = PBXFileReference; includeInIndex = 1; lastKnownFileType = text.xcconfig; name = "Pods-Resilience.release.xcconfig"; path = "Target Support Files/Pods-Resilience/Pods-Resilience.release.xcconfig"; sourceTree = "<group>"; };
		CFC5FF11E15FF595B158F4D7 /* Pods_Resilience.framework */ = {isa = PBXFileReference; explicitFileType = wrapper.framework; includeInIndex = 0; path = Pods_Resilience.framework; sourceTree = BUILT_PRODUCTS_DIR; };
		D5A594BC2C21C9360094A978 /* Route.swift */ = {isa = PBXFileReference; lastKnownFileType = sourcecode.swift; path = Route.swift; sourceTree = "<group>"; };
		D5AB5A022C20353500CE6C53 /* Resilience.app */ = {isa = PBXFileReference; explicitFileType = wrapper.application; includeInIndex = 0; path = Resilience.app; sourceTree = BUILT_PRODUCTS_DIR; };
		D5AB5A052C20353500CE6C53 /* ResilienceApp.swift */ = {isa = PBXFileReference; lastKnownFileType = sourcecode.swift; path = ResilienceApp.swift; sourceTree = "<group>"; };
		D5AB5A072C20353500CE6C53 /* ContentView.swift */ = {isa = PBXFileReference; lastKnownFileType = sourcecode.swift; path = ContentView.swift; sourceTree = "<group>"; };
		D5AB5A092C20353700CE6C53 /* Assets.xcassets */ = {isa = PBXFileReference; lastKnownFileType = folder.assetcatalog; path = Assets.xcassets; sourceTree = "<group>"; };
		D5AB5A0C2C20353700CE6C53 /* Preview Assets.xcassets */ = {isa = PBXFileReference; lastKnownFileType = folder.assetcatalog; path = "Preview Assets.xcassets"; sourceTree = "<group>"; };
		D5AB5A142C20377100CE6C53 /* Plant.swift */ = {isa = PBXFileReference; lastKnownFileType = sourcecode.swift; path = Plant.swift; sourceTree = "<group>"; };
		D5AB5A172C203A1500CE6C53 /* Zone.swift */ = {isa = PBXFileReference; lastKnownFileType = sourcecode.swift; path = Zone.swift; sourceTree = "<group>"; };
		D5AB5A1C2C2067EA00CE6C53 /* TabBarPresenter.swift */ = {isa = PBXFileReference; lastKnownFileType = sourcecode.swift; path = TabBarPresenter.swift; sourceTree = "<group>"; };
		D5AB5A1D2C2067EA00CE6C53 /* TabBarView.swift */ = {isa = PBXFileReference; lastKnownFileType = sourcecode.swift; path = TabBarView.swift; sourceTree = "<group>"; };
		D5AB5A1E2C2067EA00CE6C53 /* TabBarInteractor.swift */ = {isa = PBXFileReference; lastKnownFileType = sourcecode.swift; path = TabBarInteractor.swift; sourceTree = "<group>"; };
		D5AB5A1F2C2067EA00CE6C53 /* TabBarViewModel.swift */ = {isa = PBXFileReference; lastKnownFileType = sourcecode.swift; path = TabBarViewModel.swift; sourceTree = "<group>"; };
		D5AB5A272C2078A000CE6C53 /* DashboardPresenter.swift */ = {isa = PBXFileReference; lastKnownFileType = sourcecode.swift; path = DashboardPresenter.swift; sourceTree = "<group>"; };
		D5AB5A282C2078A000CE6C53 /* DashboardView.swift */ = {isa = PBXFileReference; lastKnownFileType = sourcecode.swift; path = DashboardView.swift; sourceTree = "<group>"; };
		D5AB5A292C2078A000CE6C53 /* DashboardInteractor.swift */ = {isa = PBXFileReference; lastKnownFileType = sourcecode.swift; path = DashboardInteractor.swift; sourceTree = "<group>"; };
		D5AB5A2A2C2078A000CE6C53 /* DashboardViewModel.swift */ = {isa = PBXFileReference; lastKnownFileType = sourcecode.swift; path = DashboardViewModel.swift; sourceTree = "<group>"; };
		D5AB5A312C20817000CE6C53 /* HousePresenter.swift */ = {isa = PBXFileReference; lastKnownFileType = sourcecode.swift; path = HousePresenter.swift; sourceTree = "<group>"; };
		D5AB5A322C20817000CE6C53 /* HouseView.swift */ = {isa = PBXFileReference; lastKnownFileType = sourcecode.swift; path = HouseView.swift; sourceTree = "<group>"; };
		D5AB5A332C20817000CE6C53 /* HouseInteractor.swift */ = {isa = PBXFileReference; lastKnownFileType = sourcecode.swift; path = HouseInteractor.swift; sourceTree = "<group>"; };
		D5AB5A342C20817000CE6C53 /* HouseViewModel.swift */ = {isa = PBXFileReference; lastKnownFileType = sourcecode.swift; path = HouseViewModel.swift; sourceTree = "<group>"; };
		D5AB5A392C20818400CE6C53 /* GardenPresenter.swift */ = {isa = PBXFileReference; lastKnownFileType = sourcecode.swift; path = GardenPresenter.swift; sourceTree = "<group>"; };
		D5AB5A3A2C20818400CE6C53 /* GardenView.swift */ = {isa = PBXFileReference; lastKnownFileType = sourcecode.swift; path = GardenView.swift; sourceTree = "<group>"; };
		D5AB5A3B2C20818400CE6C53 /* GardenInteractor.swift */ = {isa = PBXFileReference; lastKnownFileType = sourcecode.swift; path = GardenInteractor.swift; sourceTree = "<group>"; };
		D5AB5A3C2C20818400CE6C53 /* GardenViewModel.swift */ = {isa = PBXFileReference; lastKnownFileType = sourcecode.swift; path = GardenViewModel.swift; sourceTree = "<group>"; };
		D5AB5A432C20825700CE6C53 /* Interactor.swift */ = {isa = PBXFileReference; lastKnownFileType = sourcecode.swift; path = Interactor.swift; sourceTree = "<group>"; };
		D5AB5A452C2082D600CE6C53 /* Presenter.swift */ = {isa = PBXFileReference; lastKnownFileType = sourcecode.swift; path = Presenter.swift; sourceTree = "<group>"; };
		D5AB5A472C2082F500CE6C53 /* ViewModel.swift */ = {isa = PBXFileReference; lastKnownFileType = sourcecode.swift; path = ViewModel.swift; sourceTree = "<group>"; };
		D5AB5A4A2C2083A800CE6C53 /* BaseViewController.swift */ = {isa = PBXFileReference; lastKnownFileType = sourcecode.swift; path = BaseViewController.swift; sourceTree = "<group>"; };
		D5AB5A4F2C208B6000CE6C53 /* LoaderView.swift */ = {isa = PBXFileReference; lastKnownFileType = sourcecode.swift; path = LoaderView.swift; sourceTree = "<group>"; };
		DCBADD434B64AE5BBEE347A6 /* Pods-Resilience.debug.xcconfig */ = {isa = PBXFileReference; includeInIndex = 1; lastKnownFileType = text.xcconfig; name = "Pods-Resilience.debug.xcconfig"; path = "Target Support Files/Pods-Resilience/Pods-Resilience.debug.xcconfig"; sourceTree = "<group>"; };
/* End PBXFileReference section */

/* Begin PBXFrameworksBuildPhase section */
		D5AB59FF2C20353500CE6C53 /* Frameworks */ = {
			isa = PBXFrameworksBuildPhase;
			buildActionMask = 2147483647;
			files = (
				8DE04187E6D9ED9D8E2A2B6E /* Pods_Resilience.framework in Frameworks */,
			);
			runOnlyForDeploymentPostprocessing = 0;
		};
/* End PBXFrameworksBuildPhase section */

/* Begin PBXGroup section */
		11DDCEE8098A9F2D4DEFDF81 /* Pods */ = {
			isa = PBXGroup;
			children = (
				DCBADD434B64AE5BBEE347A6 /* Pods-Resilience.debug.xcconfig */,
				2E97034A5C9D32B6CFB1F7C4 /* Pods-Resilience.release.xcconfig */,
			);
			path = Pods;
			sourceTree = "<group>";
		};
		D5A594BB2C21C92A0094A978 /* Route */ = {
			isa = PBXGroup;
			children = (
				D5A594BC2C21C9360094A978 /* Route.swift */,
			);
			path = Route;
			sourceTree = "<group>";
		};
		D5A594BE2C21CA790094A978 /* TodoList */ = {
			isa = PBXGroup;
			children = (
			);
			path = TodoList;
			sourceTree = "<group>";
		};
		D5AB59F92C20353500CE6C53 = {
			isa = PBXGroup;
			children = (
				D5AB5A042C20353500CE6C53 /* Resilience */,
				D5AB5A032C20353500CE6C53 /* Products */,
				11DDCEE8098A9F2D4DEFDF81 /* Pods */,
				FF637D566706E291DEE40458 /* Frameworks */,
			);
			sourceTree = "<group>";
		};
		D5AB5A032C20353500CE6C53 /* Products */ = {
			isa = PBXGroup;
			children = (
				D5AB5A022C20353500CE6C53 /* Resilience.app */,
			);
			name = Products;
			sourceTree = "<group>";
		};
		D5AB5A042C20353500CE6C53 /* Resilience */ = {
			isa = PBXGroup;
			children = (
				D5AB5A412C20820500CE6C53 /* Helpers */,
				D5AB5A192C20660000CE6C53 /* Modules */,
				D5AB5A132C2036BB00CE6C53 /* Data */,
				D5AB5A092C20353700CE6C53 /* Assets.xcassets */,
				D5AB5A0B2C20353700CE6C53 /* Preview Content */,
			);
			path = Resilience;
			sourceTree = "<group>";
		};
		D5AB5A0B2C20353700CE6C53 /* Preview Content */ = {
			isa = PBXGroup;
			children = (
				D5AB5A0C2C20353700CE6C53 /* Preview Assets.xcassets */,
			);
			path = "Preview Content";
			sourceTree = "<group>";
		};
		D5AB5A132C2036BB00CE6C53 /* Data */ = {
			isa = PBXGroup;
			children = (
				D5AB5A162C203A0400CE6C53 /* Models */,
			);
			path = Data;
			sourceTree = "<group>";
		};
		D5AB5A162C203A0400CE6C53 /* Models */ = {
			isa = PBXGroup;
			children = (
				D5AB5A142C20377100CE6C53 /* Plant.swift */,
				D5AB5A172C203A1500CE6C53 /* Zone.swift */,
			);
			path = Models;
			sourceTree = "<group>";
		};
		D5AB5A192C20660000CE6C53 /* Modules */ = {
			isa = PBXGroup;
			children = (
				D5A594BE2C21CA790094A978 /* TodoList */,
				D5AB5A242C20768000CE6C53 /* Dashoboard */,
				D5AB5A302C20815900CE6C53 /* Garden */,
				D5AB5A2F2C20814A00CE6C53 /* House */,
				D5AB5A1B2C20662100CE6C53 /* TabBar */,
				D5AB5A1A2C20661300CE6C53 /* App */,
			);
			path = Modules;
			sourceTree = "<group>";
		};
		D5AB5A1A2C20661300CE6C53 /* App */ = {
			isa = PBXGroup;
			children = (
				D5AB5A052C20353500CE6C53 /* ResilienceApp.swift */,
				D5AB5A072C20353500CE6C53 /* ContentView.swift */,
			);
			path = App;
			sourceTree = "<group>";
		};
		D5AB5A1B2C20662100CE6C53 /* TabBar */ = {
			isa = PBXGroup;
			children = (
				D5AB5A1D2C2067EA00CE6C53 /* TabBarView.swift */,
				D5AB5A1E2C2067EA00CE6C53 /* TabBarInteractor.swift */,
				D5AB5A1C2C2067EA00CE6C53 /* TabBarPresenter.swift */,
				D5AB5A1F2C2067EA00CE6C53 /* TabBarViewModel.swift */,
			);
			path = TabBar;
			sourceTree = "<group>";
		};
		D5AB5A242C20768000CE6C53 /* Dashoboard */ = {
			isa = PBXGroup;
			children = (
				D5AB5A282C2078A000CE6C53 /* DashboardView.swift */,
				D5AB5A292C2078A000CE6C53 /* DashboardInteractor.swift */,
				D5AB5A272C2078A000CE6C53 /* DashboardPresenter.swift */,
				D5AB5A2A2C2078A000CE6C53 /* DashboardViewModel.swift */,
			);
			path = Dashoboard;
			sourceTree = "<group>";
		};
		D5AB5A2F2C20814A00CE6C53 /* House */ = {
			isa = PBXGroup;
			children = (
				D5AB5A322C20817000CE6C53 /* HouseView.swift */,
				D5AB5A332C20817000CE6C53 /* HouseInteractor.swift */,
				D5AB5A312C20817000CE6C53 /* HousePresenter.swift */,
				D5AB5A342C20817000CE6C53 /* HouseViewModel.swift */,
			);
			path = House;
			sourceTree = "<group>";
		};
		D5AB5A302C20815900CE6C53 /* Garden */ = {
			isa = PBXGroup;
			children = (
				D5AB5A3A2C20818400CE6C53 /* GardenView.swift */,
				D5AB5A3B2C20818400CE6C53 /* GardenInteractor.swift */,
				D5AB5A392C20818400CE6C53 /* GardenPresenter.swift */,
				D5AB5A3C2C20818400CE6C53 /* GardenViewModel.swift */,
			);
			path = Garden;
			sourceTree = "<group>";
		};
		D5AB5A412C20820500CE6C53 /* Helpers */ = {
			isa = PBXGroup;
			children = (
				D5A594BB2C21C92A0094A978 /* Route */,
				D5AB5A492C20839000CE6C53 /* Base */,
				D5AB5A422C20823100CE6C53 /* CleanArchi */,
			);
			path = Helpers;
			sourceTree = "<group>";
		};
		D5AB5A422C20823100CE6C53 /* CleanArchi */ = {
			isa = PBXGroup;
			children = (
				D5AB5A432C20825700CE6C53 /* Interactor.swift */,
				D5AB5A452C2082D600CE6C53 /* Presenter.swift */,
				D5AB5A472C2082F500CE6C53 /* ViewModel.swift */,
			);
			path = CleanArchi;
			sourceTree = "<group>";
		};
		D5AB5A492C20839000CE6C53 /* Base */ = {
			isa = PBXGroup;
			children = (
				D5AB5A4A2C2083A800CE6C53 /* BaseViewController.swift */,
				D5AB5A4F2C208B6000CE6C53 /* LoaderView.swift */,
			);
			path = Base;
			sourceTree = "<group>";
		};
		FF637D566706E291DEE40458 /* Frameworks */ = {
			isa = PBXGroup;
			children = (
				CFC5FF11E15FF595B158F4D7 /* Pods_Resilience.framework */,
			);
			name = Frameworks;
			sourceTree = "<group>";
		};
/* End PBXGroup section */

/* Begin PBXNativeTarget section */
		D5AB5A012C20353500CE6C53 /* Resilience */ = {
			isa = PBXNativeTarget;
			buildConfigurationList = D5AB5A102C20353700CE6C53 /* Build configuration list for PBXNativeTarget "Resilience" */;
			buildPhases = (
				A66531E4BFB67E0FFD35D64D /* [CP] Check Pods Manifest.lock */,
				D5AB59FE2C20353500CE6C53 /* Sources */,
				D5AB59FF2C20353500CE6C53 /* Frameworks */,
				D5AB5A002C20353500CE6C53 /* Resources */,
				E6DFCD6C9C4F4E4A1EC7C69C /* [CP] Embed Pods Frameworks */,
			);
			buildRules = (
			);
			dependencies = (
			);
			name = Resilience;
			productName = Resilience;
			productReference = D5AB5A022C20353500CE6C53 /* Resilience.app */;
			productType = "com.apple.product-type.application";
		};
/* End PBXNativeTarget section */

/* Begin PBXProject section */
		D5AB59FA2C20353500CE6C53 /* Project object */ = {
			isa = PBXProject;
			attributes = {
				BuildIndependentTargetsInParallel = 1;
				LastSwiftUpdateCheck = 1530;
				LastUpgradeCheck = 1530;
				TargetAttributes = {
					D5AB5A012C20353500CE6C53 = {
						CreatedOnToolsVersion = 15.3;
					};
				};
			};
			buildConfigurationList = D5AB59FD2C20353500CE6C53 /* Build configuration list for PBXProject "Resilience" */;
			compatibilityVersion = "Xcode 14.0";
			developmentRegion = en;
			hasScannedForEncodings = 0;
			knownRegions = (
				en,
				Base,
			);
			mainGroup = D5AB59F92C20353500CE6C53;
			productRefGroup = D5AB5A032C20353500CE6C53 /* Products */;
			projectDirPath = "";
			projectRoot = "";
			targets = (
				D5AB5A012C20353500CE6C53 /* Resilience */,
			);
		};
/* End PBXProject section */

/* Begin PBXResourcesBuildPhase section */
		D5AB5A002C20353500CE6C53 /* Resources */ = {
			isa = PBXResourcesBuildPhase;
			buildActionMask = 2147483647;
			files = (
				D5AB5A0D2C20353700CE6C53 /* Preview Assets.xcassets in Resources */,
				D5AB5A0A2C20353700CE6C53 /* Assets.xcassets in Resources */,
			);
			runOnlyForDeploymentPostprocessing = 0;
		};
/* End PBXResourcesBuildPhase section */

/* Begin PBXShellScriptBuildPhase section */
		A66531E4BFB67E0FFD35D64D /* [CP] Check Pods Manifest.lock */ = {
			isa = PBXShellScriptBuildPhase;
			buildActionMask = 2147483647;
			files = (
			);
			inputFileListPaths = (
			);
			inputPaths = (
				"${PODS_PODFILE_DIR_PATH}/Podfile.lock",
				"${PODS_ROOT}/Manifest.lock",
			);
			name = "[CP] Check Pods Manifest.lock";
			outputFileListPaths = (
			);
			outputPaths = (
				"$(DERIVED_FILE_DIR)/Pods-Resilience-checkManifestLockResult.txt",
			);
			runOnlyForDeploymentPostprocessing = 0;
			shellPath = /bin/sh;
			shellScript = "diff \"${PODS_PODFILE_DIR_PATH}/Podfile.lock\" \"${PODS_ROOT}/Manifest.lock\" > /dev/null\nif [ $? != 0 ] ; then\n    # print error to STDERR\n    echo \"error: The sandbox is not in sync with the Podfile.lock. Run 'pod install' or update your CocoaPods installation.\" >&2\n    exit 1\nfi\n# This output is used by Xcode 'outputs' to avoid re-running this script phase.\necho \"SUCCESS\" > \"${SCRIPT_OUTPUT_FILE_0}\"\n";
			showEnvVarsInLog = 0;
		};
		E6DFCD6C9C4F4E4A1EC7C69C /* [CP] Embed Pods Frameworks */ = {
			isa = PBXShellScriptBuildPhase;
			buildActionMask = 2147483647;
			files = (
			);
			inputFileListPaths = (
				"${PODS_ROOT}/Target Support Files/Pods-Resilience/Pods-Resilience-frameworks-${CONFIGURATION}-input-files.xcfilelist",
			);
			name = "[CP] Embed Pods Frameworks";
			outputFileListPaths = (
				"${PODS_ROOT}/Target Support Files/Pods-Resilience/Pods-Resilience-frameworks-${CONFIGURATION}-output-files.xcfilelist",
			);
			runOnlyForDeploymentPostprocessing = 0;
			shellPath = /bin/sh;
			shellScript = "\"${PODS_ROOT}/Target Support Files/Pods-Resilience/Pods-Resilience-frameworks.sh\"\n";
			showEnvVarsInLog = 0;
		};
/* End PBXShellScriptBuildPhase section */

/* Begin PBXSourcesBuildPhase section */
		D5AB59FE2C20353500CE6C53 /* Sources */ = {
			isa = PBXSourcesBuildPhase;
			buildActionMask = 2147483647;
			files = (
				D5AB5A082C20353500CE6C53 /* ContentView.swift in Sources */,
				D5AB5A182C203A1500CE6C53 /* Zone.swift in Sources */,
				D5AB5A202C2067EA00CE6C53 /* TabBarPresenter.swift in Sources */,
				D5AB5A212C2067EA00CE6C53 /* TabBarView.swift in Sources */,
				D5AB5A2B2C2078A000CE6C53 /* DashboardPresenter.swift in Sources */,
				D5AB5A532C208B6000CE6C53 /* LoaderView.swift in Sources */,
				D5AB5A4B2C2083A800CE6C53 /* BaseViewController.swift in Sources */,
				D5AB5A482C2082F500CE6C53 /* ViewModel.swift in Sources */,
				D5AB5A2C2C2078A000CE6C53 /* DashboardView.swift in Sources */,
				D5AB5A2D2C2078A000CE6C53 /* DashboardInteractor.swift in Sources */,
				D5AB5A2E2C2078A000CE6C53 /* DashboardViewModel.swift in Sources */,
				D5AB5A222C2067EA00CE6C53 /* TabBarInteractor.swift in Sources */,
				D5AB5A232C2067EA00CE6C53 /* TabBarViewModel.swift in Sources */,
				D5AB5A152C20377100CE6C53 /* Plant.swift in Sources */,
				D5AB5A062C20353500CE6C53 /* ResilienceApp.swift in Sources */,
				D5AB5A462C2082D600CE6C53 /* Presenter.swift in Sources */,
				D5AB5A442C20825700CE6C53 /* Interactor.swift in Sources */,
				D5A594BD2C21C9360094A978 /* Route.swift in Sources */,
				D5AB5A352C20817000CE6C53 /* HousePresenter.swift in Sources */,
				D5AB5A362C20817000CE6C53 /* HouseView.swift in Sources */,
				D5AB5A3D2C20818400CE6C53 /* GardenPresenter.swift in Sources */,
				D5AB5A3E2C20818400CE6C53 /* GardenView.swift in Sources */,
				D5AB5A3F2C20818400CE6C53 /* GardenInteractor.swift in Sources */,
				D5AB5A402C20818400CE6C53 /* GardenViewModel.swift in Sources */,
				D5AB5A372C20817000CE6C53 /* HouseInteractor.swift in Sources */,
				D5AB5A382C20817000CE6C53 /* HouseViewModel.swift in Sources */,
			);
			runOnlyForDeploymentPostprocessing = 0;
		};
/* End PBXSourcesBuildPhase section */

/* Begin XCBuildConfiguration section */
		D5AB5A0E2C20353700CE6C53 /* Debug */ = {
			isa = XCBuildConfiguration;
			buildSettings = {
				ALWAYS_SEARCH_USER_PATHS = NO;
				ASSETCATALOG_COMPILER_GENERATE_SWIFT_ASSET_SYMBOL_EXTENSIONS = YES;
				CLANG_ANALYZER_NONNULL = YES;
				CLANG_ANALYZER_NUMBER_OBJECT_CONVERSION = YES_AGGRESSIVE;
				CLANG_CXX_LANGUAGE_STANDARD = "gnu++20";
				CLANG_ENABLE_MODULES = YES;
				CLANG_ENABLE_OBJC_ARC = YES;
				CLANG_ENABLE_OBJC_WEAK = YES;
				CLANG_WARN_BLOCK_CAPTURE_AUTORELEASING = YES;
				CLANG_WARN_BOOL_CONVERSION = YES;
				CLANG_WARN_COMMA = YES;
				CLANG_WARN_CONSTANT_CONVERSION = YES;
				CLANG_WARN_DEPRECATED_OBJC_IMPLEMENTATIONS = YES;
				CLANG_WARN_DIRECT_OBJC_ISA_USAGE = YES_ERROR;
				CLANG_WARN_DOCUMENTATION_COMMENTS = YES;
				CLANG_WARN_EMPTY_BODY = YES;
				CLANG_WARN_ENUM_CONVERSION = YES;
				CLANG_WARN_INFINITE_RECURSION = YES;
				CLANG_WARN_INT_CONVERSION = YES;
				CLANG_WARN_NON_LITERAL_NULL_CONVERSION = YES;
				CLANG_WARN_OBJC_IMPLICIT_RETAIN_SELF = YES;
				CLANG_WARN_OBJC_LITERAL_CONVERSION = YES;
				CLANG_WARN_OBJC_ROOT_CLASS = YES_ERROR;
				CLANG_WARN_QUOTED_INCLUDE_IN_FRAMEWORK_HEADER = YES;
				CLANG_WARN_RANGE_LOOP_ANALYSIS = YES;
				CLANG_WARN_STRICT_PROTOTYPES = YES;
				CLANG_WARN_SUSPICIOUS_MOVE = YES;
				CLANG_WARN_UNGUARDED_AVAILABILITY = YES_AGGRESSIVE;
				CLANG_WARN_UNREACHABLE_CODE = YES;
				CLANG_WARN__DUPLICATE_METHOD_MATCH = YES;
				COPY_PHASE_STRIP = NO;
				DEBUG_INFORMATION_FORMAT = dwarf;
				ENABLE_STRICT_OBJC_MSGSEND = YES;
				ENABLE_TESTABILITY = YES;
				ENABLE_USER_SCRIPT_SANDBOXING = YES;
				GCC_C_LANGUAGE_STANDARD = gnu17;
				GCC_DYNAMIC_NO_PIC = NO;
				GCC_NO_COMMON_BLOCKS = YES;
				GCC_OPTIMIZATION_LEVEL = 0;
				GCC_PREPROCESSOR_DEFINITIONS = (
					"DEBUG=1",
					"$(inherited)",
				);
				GCC_WARN_64_TO_32_BIT_CONVERSION = YES;
				GCC_WARN_ABOUT_RETURN_TYPE = YES_ERROR;
				GCC_WARN_UNDECLARED_SELECTOR = YES;
				GCC_WARN_UNINITIALIZED_AUTOS = YES_AGGRESSIVE;
				GCC_WARN_UNUSED_FUNCTION = YES;
				GCC_WARN_UNUSED_VARIABLE = YES;
				IPHONEOS_DEPLOYMENT_TARGET = 17.4;
				LOCALIZATION_PREFERS_STRING_CATALOGS = YES;
				MTL_ENABLE_DEBUG_INFO = INCLUDE_SOURCE;
				MTL_FAST_MATH = YES;
				ONLY_ACTIVE_ARCH = YES;
				SDKROOT = iphoneos;
				SWIFT_ACTIVE_COMPILATION_CONDITIONS = "DEBUG $(inherited)";
				SWIFT_OPTIMIZATION_LEVEL = "-Onone";
			};
			name = Debug;
		};
		D5AB5A0F2C20353700CE6C53 /* Release */ = {
			isa = XCBuildConfiguration;
			buildSettings = {
				ALWAYS_SEARCH_USER_PATHS = NO;
				ASSETCATALOG_COMPILER_GENERATE_SWIFT_ASSET_SYMBOL_EXTENSIONS = YES;
				CLANG_ANALYZER_NONNULL = YES;
				CLANG_ANALYZER_NUMBER_OBJECT_CONVERSION = YES_AGGRESSIVE;
				CLANG_CXX_LANGUAGE_STANDARD = "gnu++20";
				CLANG_ENABLE_MODULES = YES;
				CLANG_ENABLE_OBJC_ARC = YES;
				CLANG_ENABLE_OBJC_WEAK = YES;
				CLANG_WARN_BLOCK_CAPTURE_AUTORELEASING = YES;
				CLANG_WARN_BOOL_CONVERSION = YES;
				CLANG_WARN_COMMA = YES;
				CLANG_WARN_CONSTANT_CONVERSION = YES;
				CLANG_WARN_DEPRECATED_OBJC_IMPLEMENTATIONS = YES;
				CLANG_WARN_DIRECT_OBJC_ISA_USAGE = YES_ERROR;
				CLANG_WARN_DOCUMENTATION_COMMENTS = YES;
				CLANG_WARN_EMPTY_BODY = YES;
				CLANG_WARN_ENUM_CONVERSION = YES;
				CLANG_WARN_INFINITE_RECURSION = YES;
				CLANG_WARN_INT_CONVERSION = YES;
				CLANG_WARN_NON_LITERAL_NULL_CONVERSION = YES;
				CLANG_WARN_OBJC_IMPLICIT_RETAIN_SELF = YES;
				CLANG_WARN_OBJC_LITERAL_CONVERSION = YES;
				CLANG_WARN_OBJC_ROOT_CLASS = YES_ERROR;
				CLANG_WARN_QUOTED_INCLUDE_IN_FRAMEWORK_HEADER = YES;
				CLANG_WARN_RANGE_LOOP_ANALYSIS = YES;
				CLANG_WARN_STRICT_PROTOTYPES = YES;
				CLANG_WARN_SUSPICIOUS_MOVE = YES;
				CLANG_WARN_UNGUARDED_AVAILABILITY = YES_AGGRESSIVE;
				CLANG_WARN_UNREACHABLE_CODE = YES;
				CLANG_WARN__DUPLICATE_METHOD_MATCH = YES;
				COPY_PHASE_STRIP = NO;
				DEBUG_INFORMATION_FORMAT = "dwarf-with-dsym";
				ENABLE_NS_ASSERTIONS = NO;
				ENABLE_STRICT_OBJC_MSGSEND = YES;
				ENABLE_USER_SCRIPT_SANDBOXING = YES;
				GCC_C_LANGUAGE_STANDARD = gnu17;
				GCC_NO_COMMON_BLOCKS = YES;
				GCC_WARN_64_TO_32_BIT_CONVERSION = YES;
				GCC_WARN_ABOUT_RETURN_TYPE = YES_ERROR;
				GCC_WARN_UNDECLARED_SELECTOR = YES;
				GCC_WARN_UNINITIALIZED_AUTOS = YES_AGGRESSIVE;
				GCC_WARN_UNUSED_FUNCTION = YES;
				GCC_WARN_UNUSED_VARIABLE = YES;
				IPHONEOS_DEPLOYMENT_TARGET = 17.4;
				LOCALIZATION_PREFERS_STRING_CATALOGS = YES;
				MTL_ENABLE_DEBUG_INFO = NO;
				MTL_FAST_MATH = YES;
				SDKROOT = iphoneos;
				SWIFT_COMPILATION_MODE = wholemodule;
				VALIDATE_PRODUCT = YES;
			};
			name = Release;
		};
		D5AB5A112C20353700CE6C53 /* Debug */ = {
			isa = XCBuildConfiguration;
			baseConfigurationReference = DCBADD434B64AE5BBEE347A6 /* Pods-Resilience.debug.xcconfig */;
			buildSettings = {
				ASSETCATALOG_COMPILER_APPICON_NAME = AppIcon;
				ASSETCATALOG_COMPILER_GLOBAL_ACCENT_COLOR_NAME = AccentColor;
				CODE_SIGN_STYLE = Automatic;
				CURRENT_PROJECT_VERSION = 1;
				DEVELOPMENT_ASSET_PATHS = "\"Resilience/Preview Content\"";
				DEVELOPMENT_TEAM = N99GL92MJ5;
				ENABLE_PREVIEWS = YES;
				ENABLE_USER_SCRIPT_SANDBOXING = NO;
				GENERATE_INFOPLIST_FILE = YES;
				INFOPLIST_KEY_UIApplicationSceneManifest_Generation = YES;
				INFOPLIST_KEY_UIApplicationSupportsIndirectInputEvents = YES;
				INFOPLIST_KEY_UILaunchScreen_Generation = YES;
				INFOPLIST_KEY_UISupportedInterfaceOrientations_iPad = "UIInterfaceOrientationPortrait UIInterfaceOrientationPortraitUpsideDown UIInterfaceOrientationLandscapeLeft UIInterfaceOrientationLandscapeRight";
				INFOPLIST_KEY_UISupportedInterfaceOrientations_iPhone = "UIInterfaceOrientationPortrait UIInterfaceOrientationLandscapeLeft UIInterfaceOrientationLandscapeRight";
				LD_RUNPATH_SEARCH_PATHS = (
					"$(inherited)",
					"@executable_path/Frameworks",
				);
				MARKETING_VERSION = 1.0;
				PRODUCT_BUNDLE_IDENTIFIER = Exomind.Resilience;
				PRODUCT_NAME = "$(TARGET_NAME)";
				SWIFT_EMIT_LOC_STRINGS = YES;
				SWIFT_VERSION = 5.0;
				TARGETED_DEVICE_FAMILY = "1,2";
			};
			name = Debug;
		};
		D5AB5A122C20353700CE6C53 /* Release */ = {
			isa = XCBuildConfiguration;
			baseConfigurationReference = 2E97034A5C9D32B6CFB1F7C4 /* Pods-Resilience.release.xcconfig */;
			buildSettings = {
				ASSETCATALOG_COMPILER_APPICON_NAME = AppIcon;
				ASSETCATALOG_COMPILER_GLOBAL_ACCENT_COLOR_NAME = AccentColor;
				CODE_SIGN_STYLE = Automatic;
				CURRENT_PROJECT_VERSION = 1;
				DEVELOPMENT_ASSET_PATHS = "\"Resilience/Preview Content\"";
				DEVELOPMENT_TEAM = N99GL92MJ5;
				ENABLE_PREVIEWS = YES;
				ENABLE_USER_SCRIPT_SANDBOXING = NO;
				GENERATE_INFOPLIST_FILE = YES;
				INFOPLIST_KEY_UIApplicationSceneManifest_Generation = YES;
				INFOPLIST_KEY_UIApplicationSupportsIndirectInputEvents = YES;
				INFOPLIST_KEY_UILaunchScreen_Generation = YES;
				INFOPLIST_KEY_UISupportedInterfaceOrientations_iPad = "UIInterfaceOrientationPortrait UIInterfaceOrientationPortraitUpsideDown UIInterfaceOrientationLandscapeLeft UIInterfaceOrientationLandscapeRight";
				INFOPLIST_KEY_UISupportedInterfaceOrientations_iPhone = "UIInterfaceOrientationPortrait UIInterfaceOrientationLandscapeLeft UIInterfaceOrientationLandscapeRight";
				LD_RUNPATH_SEARCH_PATHS = (
					"$(inherited)",
					"@executable_path/Frameworks",
				);
				MARKETING_VERSION = 1.0;
				PRODUCT_BUNDLE_IDENTIFIER = Exomind.Resilience;
				PRODUCT_NAME = "$(TARGET_NAME)";
				SWIFT_EMIT_LOC_STRINGS = YES;
				SWIFT_VERSION = 5.0;
				TARGETED_DEVICE_FAMILY = "1,2";
			};
			name = Release;
		};
/* End XCBuildConfiguration section */

/* Begin XCConfigurationList section */
		D5AB59FD2C20353500CE6C53 /* Build configuration list for PBXProject "Resilience" */ = {
			isa = XCConfigurationList;
			buildConfigurations = (
				D5AB5A0E2C20353700CE6C53 /* Debug */,
				D5AB5A0F2C20353700CE6C53 /* Release */,
			);
			defaultConfigurationIsVisible = 0;
			defaultConfigurationName = Release;
		};
		D5AB5A102C20353700CE6C53 /* Build configuration list for PBXNativeTarget "Resilience" */ = {
			isa = XCConfigurationList;
			buildConfigurations = (
				D5AB5A112C20353700CE6C53 /* Debug */,
				D5AB5A122C20353700CE6C53 /* Release */,
			);
			defaultConfigurationIsVisible = 0;
			defaultConfigurationName = Release;
		};
/* End XCConfigurationList section */
	};
	rootObject = D5AB59FA2C20353500CE6C53 /* Project object */;
}
